
Microsoft Visual Studio Solution File, Format Version 12.00
# Visual Studio Version 17
VisualStudioVersion = 17.1.32421.90
MinimumVisualStudioVersion = 10.0.40219.1
Project("{FAE04EC0-301F-11D3-BF4B-00C04F79EFBC}") = "DemoLibrary", "DemoLibrary.csproj", "{18D36FE3-43D2-431D-8BC7-54DE7E8FFFF2}"
EndProject
Global
	GlobalSection(SolutionConfigurationPlatforms) = preSolution
		Debug|Any CPU = Debug|Any CPU
		Release|Any CPU = Release|Any CPU
	EndGlobalSection
	GlobalSection(ProjectConfigurationPlatforms) = postSolution
		{18D36FE3-43D2-431D-8BC7-54DE7E8FFFF2}.Debug|Any CPU.ActiveCfg = Debug|Any CPU
		{18D36FE3-43D2-431D-8BC7-54DE7E8FFFF2}.Debug|Any CPU.Build.0 = Debug|Any CPU
		{18D36FE3-43D2-431D-8BC7-54DE7E8FFFF2}.Release|Any CPU.ActiveCfg = Release|Any CPU
		{18D36FE3-43D2-431D-8BC7-54DE7E8FFFF2}.Release|Any CPU.Build.0 = Release|Any CPU
	EndGlobalSection
	GlobalSection(SolutionProperties) = preSolution
		HideSolutionNode = FALSE
	EndGlobalSection
	GlobalSection(ExtensibilityGlobals) = postSolution
		SolutionGuid = {F0189F36-3D92-41CB-91C7-965B3D5EE27C}
	EndGlobalSection
EndGlobal
